
Microsoft Visual Studio Solution File, Format Version 12.00
# Visual Studio Version 16
VisualStudioVersion = 16.0.32510.428
MinimumVisualStudioVersion = 10.0.40219.1
Project("{FAE04EC0-301F-11D3-BF4B-00C04F79EFBC}") = "pry.Proyecto2.18.04", "pry.Proyecto2.18.04.csproj", "{10101EBE-2A15-4C75-B1E5-1BFB89E36F32}"
EndProject
Global
	GlobalSection(SolutionConfigurationPlatforms) = preSolution
		Debug|Any CPU = Debug|Any CPU
		Release|Any CPU = Release|Any CPU
	EndGlobalSection
	GlobalSection(ProjectConfigurationPlatforms) = postSolution
		{10101EBE-2A15-4C75-B1E5-1BFB89E36F32}.Debug|Any CPU.ActiveCfg = Debug|Any CPU
		{10101EBE-2A15-4C75-B1E5-1BFB89E36F32}.Debug|Any CPU.Build.0 = Debug|Any CPU
		{10101EBE-2A15-4C75-B1E5-1BFB89E36F32}.Release|Any CPU.ActiveCfg = Release|Any CPU
		{10101EBE-2A15-4C75-B1E5-1BFB89E36F32}.Release|Any CPU.Build.0 = Release|Any CPU
	EndGlobalSection
	GlobalSection(SolutionProperties) = preSolution
		HideSolutionNode = FALSE
	EndGlobalSection
	GlobalSection(ExtensibilityGlobals) = postSolution
		SolutionGuid = {776C1D63-9CBD-42D3-B19E-ED05929D2938}
	EndGlobalSection
EndGlobal
